
Microsoft Visual Studio Solution File, Format Version 12.00
# Visual Studio Version 17
VisualStudioVersion = 17.9.34714.143
MinimumVisualStudioVersion = 10.0.40219.1
Project("{9A19103F-16F7-4668-BE54-9A1E7A4F7556}") = "SuitPlay", "SuitPlay\SuitPlay.csproj", "{B35328D1-E4F6-4CFB-91C9-B4F76B7C7750}"
EndProject
Project("{9A19103F-16F7-4668-BE54-9A1E7A4F7556}") = "Calculator", "Calculator\Calculator.csproj", "{1C8246B1-6520-4D3F-8302-578DA9563267}"
EndProject
Project("{9A19103F-16F7-4668-BE54-9A1E7A4F7556}") = "TestCalculator", "TestCalculator\TestCalculator.csproj", "{518B37EB-8FA4-4B61-AA4A-98D46D38BC34}"
EndProject
Project("{FAE04EC0-301F-11D3-BF4B-00C04F79EFBC}") = "CalculatePerformance", "CalculatePerformance\CalculatePerformance.csproj", "{5AF9750C-99D7-4BE2-822E-4F72F1FBF66C}"
EndProject
Global
	GlobalSection(SolutionConfigurationPlatforms) = preSolution
		Debug|Any CPU = Debug|Any CPU
		Release|Any CPU = Release|Any CPU
	EndGlobalSection
	GlobalSection(ProjectConfigurationPlatforms) = postSolution
		{B35328D1-E4F6-4CFB-91C9-B4F76B7C7750}.Debug|Any CPU.ActiveCfg = Debug|Any CPU
		{B35328D1-E4F6-4CFB-91C9-B4F76B7C7750}.Debug|Any CPU.Build.0 = Debug|Any CPU
		{B35328D1-E4F6-4CFB-91C9-B4F76B7C7750}.Debug|Any CPU.Deploy.0 = Debug|Any CPU
		{B35328D1-E4F6-4CFB-91C9-B4F76B7C7750}.Release|Any CPU.ActiveCfg = Release|Any CPU
		{B35328D1-E4F6-4CFB-91C9-B4F76B7C7750}.Release|Any CPU.Build.0 = Release|Any CPU
		{B35328D1-E4F6-4CFB-91C9-B4F76B7C7750}.Release|Any CPU.Deploy.0 = Release|Any CPU
		{1C8246B1-6520-4D3F-8302-578DA9563267}.Debug|Any CPU.ActiveCfg = Debug|Any CPU
		{1C8246B1-6520-4D3F-8302-578DA9563267}.Debug|Any CPU.Build.0 = Debug|Any CPU
		{1C8246B1-6520-4D3F-8302-578DA9563267}.Release|Any CPU.ActiveCfg = Release|Any CPU
		{1C8246B1-6520-4D3F-8302-578DA9563267}.Release|Any CPU.Build.0 = Release|Any CPU
		{518B37EB-8FA4-4B61-AA4A-98D46D38BC34}.Debug|Any CPU.ActiveCfg = Debug|Any CPU
		{518B37EB-8FA4-4B61-AA4A-98D46D38BC34}.Debug|Any CPU.Build.0 = Debug|Any CPU
		{518B37EB-8FA4-4B61-AA4A-98D46D38BC34}.Release|Any CPU.ActiveCfg = Release|Any CPU
		{518B37EB-8FA4-4B61-AA4A-98D46D38BC34}.Release|Any CPU.Build.0 = Release|Any CPU
		{5AF9750C-99D7-4BE2-822E-4F72F1FBF66C}.Debug|Any CPU.ActiveCfg = Debug|Any CPU
		{5AF9750C-99D7-4BE2-822E-4F72F1FBF66C}.Debug|Any CPU.Build.0 = Debug|Any CPU
		{5AF9750C-99D7-4BE2-822E-4F72F1FBF66C}.Release|Any CPU.ActiveCfg = Release|Any CPU
		{5AF9750C-99D7-4BE2-822E-4F72F1FBF66C}.Release|Any CPU.Build.0 = Release|Any CPU
	EndGlobalSection
	GlobalSection(SolutionProperties) = preSolution
		HideSolutionNode = FALSE
	EndGlobalSection
EndGlobal
