
Microsoft Visual Studio Solution File, Format Version 12.00
Project("{FAE04EC0-301F-11D3-BF4B-00C04F79EFBC}") = "SuitPlay", "SuitPlay\SuitPlay.csproj", "{B35328D1-E4F6-4CFB-91C9-B4F76B7C7750}"
EndProject
Project("{FAE04EC0-301F-11D3-BF4B-00C04F79EFBC}") = "Calculator", "Calculator\Calculator.csproj", "{1C8246B1-6520-4D3F-8302-578DA9563267}"
EndProject
Project("{FAE04EC0-301F-11D3-BF4B-00C04F79EFBC}") = "TestCalculator", "TestCalculator\TestCalculator.csproj", "{518B37EB-8FA4-4B61-AA4A-98D46D38BC34}"
EndProject
Global
	GlobalSection(SolutionConfigurationPlatforms) = preSolution
		Debug|Any CPU = Debug|Any CPU
		Release|Any CPU = Release|Any CPU
	EndGlobalSection
	GlobalSection(ProjectConfigurationPlatforms) = postSolution
		{B35328D1-E4F6-4CFB-91C9-B4F76B7C7750}.Debug|Any CPU.ActiveCfg = Debug|Any CPU
		{B35328D1-E4F6-4CFB-91C9-B4F76B7C7750}.Debug|Any CPU.Build.0 = Debug|Any CPU
		{B35328D1-E4F6-4CFB-91C9-B4F76B7C7750}.Release|Any CPU.ActiveCfg = Release|Any CPU
		{B35328D1-E4F6-4CFB-91C9-B4F76B7C7750}.Release|Any CPU.Build.0 = Release|Any CPU
		{1C8246B1-6520-4D3F-8302-578DA9563267}.Debug|Any CPU.ActiveCfg = Debug|Any CPU
		{1C8246B1-6520-4D3F-8302-578DA9563267}.Debug|Any CPU.Build.0 = Debug|Any CPU
		{1C8246B1-6520-4D3F-8302-578DA9563267}.Release|Any CPU.ActiveCfg = Release|Any CPU
		{1C8246B1-6520-4D3F-8302-578DA9563267}.Release|Any CPU.Build.0 = Release|Any CPU
		{518B37EB-8FA4-4B61-AA4A-98D46D38BC34}.Debug|Any CPU.ActiveCfg = Debug|Any CPU
		{518B37EB-8FA4-4B61-AA4A-98D46D38BC34}.Debug|Any CPU.Build.0 = Debug|Any CPU
		{518B37EB-8FA4-4B61-AA4A-98D46D38BC34}.Release|Any CPU.ActiveCfg = Release|Any CPU
		{518B37EB-8FA4-4B61-AA4A-98D46D38BC34}.Release|Any CPU.Build.0 = Release|Any CPU
	EndGlobalSection
EndGlobal
